
Microsoft Visual Studio Solution File, Format Version 12.00
# Visual Studio Version 17
VisualStudioVersion = 17.1.32414.318
MinimumVisualStudioVersion = 10.0.40219.1
Project("{FAE04EC0-301F-11D3-BF4B-00C04F79EFBC}") = "Tech.Tasks-Events-Console", "Tech.Tasks-Events-Console\Tech.Tasks-Events-Console.csproj", "{DA0DA563-965B-4FCE-B40C-D014B04533AE}"
EndProject
Project("{FAE04EC0-301F-11D3-BF4B-00C04F79EFBC}") = "Tech.Tasks-Events.Core", "Tech.Tasks-Events.Core\Tech.Tasks-Events.Core.csproj", "{F2927468-4231-41B4-9DB4-91299E1E445E}"
EndProject
Project("{FAE04EC0-301F-11D3-BF4B-00C04F79EFBC}") = "Tech.Tasks-Events-UI", "Tech.Tasks-Events-UI\Tech.Tasks-Events-UI.csproj", "{A20F3B3A-9AEE-4D45-8166-408C95335E36}"
EndProject
Global
	GlobalSection(SolutionConfigurationPlatforms) = preSolution
		Debug|Any CPU = Debug|Any CPU
		Release|Any CPU = Release|Any CPU
	EndGlobalSection
	GlobalSection(ProjectConfigurationPlatforms) = postSolution
		{DA0DA563-965B-4FCE-B40C-D014B04533AE}.Debug|Any CPU.ActiveCfg = Debug|Any CPU
		{DA0DA563-965B-4FCE-B40C-D014B04533AE}.Debug|Any CPU.Build.0 = Debug|Any CPU
		{DA0DA563-965B-4FCE-B40C-D014B04533AE}.Release|Any CPU.ActiveCfg = Release|Any CPU
		{DA0DA563-965B-4FCE-B40C-D014B04533AE}.Release|Any CPU.Build.0 = Release|Any CPU
		{F2927468-4231-41B4-9DB4-91299E1E445E}.Debug|Any CPU.ActiveCfg = Debug|Any CPU
		{F2927468-4231-41B4-9DB4-91299E1E445E}.Debug|Any CPU.Build.0 = Debug|Any CPU
		{F2927468-4231-41B4-9DB4-91299E1E445E}.Release|Any CPU.ActiveCfg = Release|Any CPU
		{F2927468-4231-41B4-9DB4-91299E1E445E}.Release|Any CPU.Build.0 = Release|Any CPU
		{A20F3B3A-9AEE-4D45-8166-408C95335E36}.Debug|Any CPU.ActiveCfg = Debug|Any CPU
		{A20F3B3A-9AEE-4D45-8166-408C95335E36}.Debug|Any CPU.Build.0 = Debug|Any CPU
		{A20F3B3A-9AEE-4D45-8166-408C95335E36}.Release|Any CPU.ActiveCfg = Release|Any CPU
		{A20F3B3A-9AEE-4D45-8166-408C95335E36}.Release|Any CPU.Build.0 = Release|Any CPU
	EndGlobalSection
	GlobalSection(SolutionProperties) = preSolution
		HideSolutionNode = FALSE
	EndGlobalSection
	GlobalSection(ExtensibilityGlobals) = postSolution
		SolutionGuid = {158384DA-604A-4FEB-85B5-B6BB8303E514}
	EndGlobalSection
EndGlobal
